// !$*UTF8*$!
{
	archiveVersion = 1;
	classes = {
	};
	objectVersion = 55;
	objects = {

/* Begin PBXBuildFile section */
		A67AD98C287AB55400CADB23 /* AppDelegate.swift in Sources */ = {isa = PBXBuildFile; fileRef = A67AD98B287AB55400CADB23 /* AppDelegate.swift */; };
		A67AD98E287AB55400CADB23 /* SceneDelegate.swift in Sources */ = {isa = PBXBuildFile; fileRef = A67AD98D287AB55400CADB23 /* SceneDelegate.swift */; };
		A67AD990287AB55400CADB23 /* ViewController.swift in Sources */ = {isa = PBXBuildFile; fileRef = A67AD98F287AB55400CADB23 /* ViewController.swift */; };
		A67AD993287AB55400CADB23 /* Main.storyboard in Resources */ = {isa = PBXBuildFile; fileRef = A67AD991287AB55400CADB23 /* Main.storyboard */; };
		A67AD995287AB55800CADB23 /* Assets.xcassets in Resources */ = {isa = PBXBuildFile; fileRef = A67AD994287AB55800CADB23 /* Assets.xcassets */; };
		A67AD998287AB55800CADB23 /* LaunchScreen.storyboard in Resources */ = {isa = PBXBuildFile; fileRef = A67AD996287AB55800CADB23 /* LaunchScreen.storyboard */; };
		A67AD9A3287AC81C00CADB23 /* russia_losses_personnel.json in Resources */ = {isa = PBXBuildFile; fileRef = A67AD9A1287AC81C00CADB23 /* russia_losses_personnel.json */; };
		A67AD9A4287AC81C00CADB23 /* russia_losses_equipment.json in Resources */ = {isa = PBXBuildFile; fileRef = A67AD9A2287AC81C00CADB23 /* russia_losses_equipment.json */; };
		A67AD9AA287AC94E00CADB23 /* Constants.swift in Sources */ = {isa = PBXBuildFile; fileRef = A67AD9A9287AC94E00CADB23 /* Constants.swift */; };
/* End PBXBuildFile section */

/* Begin PBXFileReference section */
		A67AD988287AB55400CADB23 /* WarStats.app */ = {isa = PBXFileReference; explicitFileType = wrapper.application; includeInIndex = 0; path = WarStats.app; sourceTree = BUILT_PRODUCTS_DIR; };
		A67AD98B287AB55400CADB23 /* AppDelegate.swift */ = {isa = PBXFileReference; lastKnownFileType = sourcecode.swift; path = AppDelegate.swift; sourceTree = "<group>"; };
		A67AD98D287AB55400CADB23 /* SceneDelegate.swift */ = {isa = PBXFileReference; lastKnownFileType = sourcecode.swift; path = SceneDelegate.swift; sourceTree = "<group>"; };
		A67AD98F287AB55400CADB23 /* ViewController.swift */ = {isa = PBXFileReference; lastKnownFileType = sourcecode.swift; path = ViewController.swift; sourceTree = "<group>"; };
		A67AD992287AB55400CADB23 /* Base */ = {isa = PBXFileReference; lastKnownFileType = file.storyboard; name = Base; path = Base.lproj/Main.storyboard; sourceTree = "<group>"; };
		A67AD994287AB55800CADB23 /* Assets.xcassets */ = {isa = PBXFileReference; lastKnownFileType = folder.assetcatalog; path = Assets.xcassets; sourceTree = "<group>"; };
		A67AD997287AB55800CADB23 /* Base */ = {isa = PBXFileReference; lastKnownFileType = file.storyboard; name = Base; path = Base.lproj/LaunchScreen.storyboard; sourceTree = "<group>"; };
		A67AD999287AB55800CADB23 /* Info.plist */ = {isa = PBXFileReference; lastKnownFileType = text.plist.xml; path = Info.plist; sourceTree = "<group>"; };
		A67AD9A1287AC81C00CADB23 /* russia_losses_personnel.json */ = {isa = PBXFileReference; fileEncoding = 4; lastKnownFileType = text.json; path = russia_losses_personnel.json; sourceTree = "<group>"; };
		A67AD9A2287AC81C00CADB23 /* russia_losses_equipment.json */ = {isa = PBXFileReference; fileEncoding = 4; lastKnownFileType = text.json; path = russia_losses_equipment.json; sourceTree = "<group>"; };
		A67AD9A9287AC94E00CADB23 /* Constants.swift */ = {isa = PBXFileReference; lastKnownFileType = sourcecode.swift; path = Constants.swift; sourceTree = "<group>"; };
/* End PBXFileReference section */

/* Begin PBXFrameworksBuildPhase section */
		A67AD985287AB55400CADB23 /* Frameworks */ = {
			isa = PBXFrameworksBuildPhase;
			buildActionMask = 2147483647;
			files = (
			);
			runOnlyForDeploymentPostprocessing = 0;
		};
/* End PBXFrameworksBuildPhase section */

/* Begin PBXGroup section */
		A67AD97F287AB55400CADB23 = {
			isa = PBXGroup;
			children = (
				A67AD98A287AB55400CADB23 /* WarStats */,
				A67AD989287AB55400CADB23 /* Products */,
			);
			sourceTree = "<group>";
		};
		A67AD989287AB55400CADB23 /* Products */ = {
			isa = PBXGroup;
			children = (
				A67AD988287AB55400CADB23 /* WarStats.app */,
			);
			name = Products;
			sourceTree = "<group>";
		};
		A67AD98A287AB55400CADB23 /* WarStats */ = {
			isa = PBXGroup;
			children = (
				A67AD99F287AC1F600CADB23 /* Classes */,
				A67AD9A0287AC81C00CADB23 /* Data */,
				A67AD991287AB55400CADB23 /* Main.storyboard */,
				A67AD994287AB55800CADB23 /* Assets.xcassets */,
				A67AD996287AB55800CADB23 /* LaunchScreen.storyboard */,
				A67AD999287AB55800CADB23 /* Info.plist */,
			);
			path = WarStats;
			sourceTree = "<group>";
		};
		A67AD99F287AC1F600CADB23 /* Classes */ = {
			isa = PBXGroup;
			children = (
				A67AD9A5287AC90500CADB23 /* Models */,
				A67AD9A7287AC90500CADB23 /* Views */,
				A67AD9A8287AC90500CADB23 /* Controllers */,
				A67AD9A6287AC90500CADB23 /* Helpers */,
				A67AD98D287AB55400CADB23 /* SceneDelegate.swift */,
				A67AD98B287AB55400CADB23 /* AppDelegate.swift */,
				A67AD98F287AB55400CADB23 /* ViewController.swift */,
			);
			path = Classes;
			sourceTree = "<group>";
		};
		A67AD9A0287AC81C00CADB23 /* Data */ = {
			isa = PBXGroup;
			children = (
				A67AD9A1287AC81C00CADB23 /* russia_losses_personnel.json */,
				A67AD9A2287AC81C00CADB23 /* russia_losses_equipment.json */,
			);
			path = Data;
			sourceTree = "<group>";
		};
		A67AD9A5287AC90500CADB23 /* Models */ = {
			isa = PBXGroup;
			children = (
			);
			path = Models;
			sourceTree = "<group>";
		};
		A67AD9A6287AC90500CADB23 /* Helpers */ = {
			isa = PBXGroup;
			children = (
				A67AD9A9287AC94E00CADB23 /* Constants.swift */,
			);
			path = Helpers;
			sourceTree = "<group>";
		};
		A67AD9A7287AC90500CADB23 /* Views */ = {
			isa = PBXGroup;
			children = (
			);
			path = Views;
			sourceTree = "<group>";
		};
		A67AD9A8287AC90500CADB23 /* Controllers */ = {
			isa = PBXGroup;
			children = (
			);
			path = Controllers;
			sourceTree = "<group>";
		};
/* End PBXGroup section */

/* Begin PBXNativeTarget section */
		A67AD987287AB55400CADB23 /* WarStats */ = {
			isa = PBXNativeTarget;
			buildConfigurationList = A67AD99C287AB55800CADB23 /* Build configuration list for PBXNativeTarget "WarStats" */;
			buildPhases = (
				A67AD984287AB55400CADB23 /* Sources */,
				A67AD985287AB55400CADB23 /* Frameworks */,
				A67AD986287AB55400CADB23 /* Resources */,
			);
			buildRules = (
			);
			dependencies = (
			);
			name = WarStats;
			productName = WarStats;
			productReference = A67AD988287AB55400CADB23 /* WarStats.app */;
			productType = "com.apple.product-type.application";
		};
/* End PBXNativeTarget section */

/* Begin PBXProject section */
		A67AD980287AB55400CADB23 /* Project object */ = {
			isa = PBXProject;
			attributes = {
				BuildIndependentTargetsInParallel = 1;
				LastSwiftUpdateCheck = 1340;
				LastUpgradeCheck = 1340;
				TargetAttributes = {
					A67AD987287AB55400CADB23 = {
						CreatedOnToolsVersion = 13.4.1;
					};
				};
			};
			buildConfigurationList = A67AD983287AB55400CADB23 /* Build configuration list for PBXProject "WarStats" */;
			compatibilityVersion = "Xcode 13.0";
			developmentRegion = en;
			hasScannedForEncodings = 0;
			knownRegions = (
				en,
				Base,
			);
			mainGroup = A67AD97F287AB55400CADB23;
			productRefGroup = A67AD989287AB55400CADB23 /* Products */;
			projectDirPath = "";
			projectRoot = "";
			targets = (
				A67AD987287AB55400CADB23 /* WarStats */,
			);
		};
/* End PBXProject section */

/* Begin PBXResourcesBuildPhase section */
		A67AD986287AB55400CADB23 /* Resources */ = {
			isa = PBXResourcesBuildPhase;
			buildActionMask = 2147483647;
			files = (
				A67AD9A3287AC81C00CADB23 /* russia_losses_personnel.json in Resources */,
				A67AD9A4287AC81C00CADB23 /* russia_losses_equipment.json in Resources */,
				A67AD998287AB55800CADB23 /* LaunchScreen.storyboard in Resources */,
				A67AD995287AB55800CADB23 /* Assets.xcassets in Resources */,
				A67AD993287AB55400CADB23 /* Main.storyboard in Resources */,
			);
			runOnlyForDeploymentPostprocessing = 0;
		};
/* End PBXResourcesBuildPhase section */

/* Begin PBXSourcesBuildPhase section */
		A67AD984287AB55400CADB23 /* Sources */ = {
			isa = PBXSourcesBuildPhase;
			buildActionMask = 2147483647;
			files = (
				A67AD990287AB55400CADB23 /* ViewController.swift in Sources */,
				A67AD98C287AB55400CADB23 /* AppDelegate.swift in Sources */,
				A67AD98E287AB55400CADB23 /* SceneDelegate.swift in Sources */,
				A67AD9AA287AC94E00CADB23 /* Constants.swift in Sources */,
			);
			runOnlyForDeploymentPostprocessing = 0;
		};
/* End PBXSourcesBuildPhase section */

/* Begin PBXVariantGroup section */
		A67AD991287AB55400CADB23 /* Main.storyboard */ = {
			isa = PBXVariantGroup;
			children = (
				A67AD992287AB55400CADB23 /* Base */,
			);
			name = Main.storyboard;
			sourceTree = "<group>";
		};
		A67AD996287AB55800CADB23 /* LaunchScreen.storyboard */ = {
			isa = PBXVariantGroup;
			children = (
				A67AD997287AB55800CADB23 /* Base */,
			);
			name = LaunchScreen.storyboard;
			sourceTree = "<group>";
		};
/* End PBXVariantGroup section */

/* Begin XCBuildConfiguration section */
		A67AD99A287AB55800CADB23 /* Debug */ = {
			isa = XCBuildConfiguration;
			buildSettings = {
				ALWAYS_SEARCH_USER_PATHS = NO;
				CLANG_ANALYZER_NONNULL = YES;
				CLANG_ANALYZER_NUMBER_OBJECT_CONVERSION = YES_AGGRESSIVE;
				CLANG_CXX_LANGUAGE_STANDARD = "gnu++17";
				CLANG_ENABLE_MODULES = YES;
				CLANG_ENABLE_OBJC_ARC = YES;
				CLANG_ENABLE_OBJC_WEAK = YES;
				CLANG_WARN_BLOCK_CAPTURE_AUTORELEASING = YES;
				CLANG_WARN_BOOL_CONVERSION = YES;
				CLANG_WARN_COMMA = YES;
				CLANG_WARN_CONSTANT_CONVERSION = YES;
				CLANG_WARN_DEPRECATED_OBJC_IMPLEMENTATIONS = YES;
				CLANG_WARN_DIRECT_OBJC_ISA_USAGE = YES_ERROR;
				CLANG_WARN_DOCUMENTATION_COMMENTS = YES;
				CLANG_WARN_EMPTY_BODY = YES;
				CLANG_WARN_ENUM_CONVERSION = YES;
				CLANG_WARN_INFINITE_RECURSION = YES;
				CLANG_WARN_INT_CONVERSION = YES;
				CLANG_WARN_NON_LITERAL_NULL_CONVERSION = YES;
				CLANG_WARN_OBJC_IMPLICIT_RETAIN_SELF = YES;
				CLANG_WARN_OBJC_LITERAL_CONVERSION = YES;
				CLANG_WARN_OBJC_ROOT_CLASS = YES_ERROR;
				CLANG_WARN_QUOTED_INCLUDE_IN_FRAMEWORK_HEADER = YES;
				CLANG_WARN_RANGE_LOOP_ANALYSIS = YES;
				CLANG_WARN_STRICT_PROTOTYPES = YES;
				CLANG_WARN_SUSPICIOUS_MOVE = YES;
				CLANG_WARN_UNGUARDED_AVAILABILITY = YES_AGGRESSIVE;
				CLANG_WARN_UNREACHABLE_CODE = YES;
				CLANG_WARN__DUPLICATE_METHOD_MATCH = YES;
				COPY_PHASE_STRIP = NO;
				DEBUG_INFORMATION_FORMAT = dwarf;
				ENABLE_STRICT_OBJC_MSGSEND = YES;
				ENABLE_TESTABILITY = YES;
				GCC_C_LANGUAGE_STANDARD = gnu11;
				GCC_DYNAMIC_NO_PIC = NO;
				GCC_NO_COMMON_BLOCKS = YES;
				GCC_OPTIMIZATION_LEVEL = 0;
				GCC_PREPROCESSOR_DEFINITIONS = (
					"DEBUG=1",
					"$(inherited)",
				);
				GCC_WARN_64_TO_32_BIT_CONVERSION = YES;
				GCC_WARN_ABOUT_RETURN_TYPE = YES_ERROR;
				GCC_WARN_UNDECLARED_SELECTOR = YES;
				GCC_WARN_UNINITIALIZED_AUTOS = YES_AGGRESSIVE;
				GCC_WARN_UNUSED_FUNCTION = YES;
				GCC_WARN_UNUSED_VARIABLE = YES;
				IPHONEOS_DEPLOYMENT_TARGET = 15.5;
				MTL_ENABLE_DEBUG_INFO = INCLUDE_SOURCE;
				MTL_FAST_MATH = YES;
				ONLY_ACTIVE_ARCH = YES;
				SDKROOT = iphoneos;
				SWIFT_ACTIVE_COMPILATION_CONDITIONS = DEBUG;
				SWIFT_OPTIMIZATION_LEVEL = "-Onone";
			};
			name = Debug;
		};
		A67AD99B287AB55800CADB23 /* Release */ = {
			isa = XCBuildConfiguration;
			buildSettings = {
				ALWAYS_SEARCH_USER_PATHS = NO;
				CLANG_ANALYZER_NONNULL = YES;
				CLANG_ANALYZER_NUMBER_OBJECT_CONVERSION = YES_AGGRESSIVE;
				CLANG_CXX_LANGUAGE_STANDARD = "gnu++17";
				CLANG_ENABLE_MODULES = YES;
				CLANG_ENABLE_OBJC_ARC = YES;
				CLANG_ENABLE_OBJC_WEAK = YES;
				CLANG_WARN_BLOCK_CAPTURE_AUTORELEASING = YES;
				CLANG_WARN_BOOL_CONVERSION = YES;
				CLANG_WARN_COMMA = YES;
				CLANG_WARN_CONSTANT_CONVERSION = YES;
				CLANG_WARN_DEPRECATED_OBJC_IMPLEMENTATIONS = YES;
				CLANG_WARN_DIRECT_OBJC_ISA_USAGE = YES_ERROR;
				CLANG_WARN_DOCUMENTATION_COMMENTS = YES;
				CLANG_WARN_EMPTY_BODY = YES;
				CLANG_WARN_ENUM_CONVERSION = YES;
				CLANG_WARN_INFINITE_RECURSION = YES;
				CLANG_WARN_INT_CONVERSION = YES;
				CLANG_WARN_NON_LITERAL_NULL_CONVERSION = YES;
				CLANG_WARN_OBJC_IMPLICIT_RETAIN_SELF = YES;
				CLANG_WARN_OBJC_LITERAL_CONVERSION = YES;
				CLANG_WARN_OBJC_ROOT_CLASS = YES_ERROR;
				CLANG_WARN_QUOTED_INCLUDE_IN_FRAMEWORK_HEADER = YES;
				CLANG_WARN_RANGE_LOOP_ANALYSIS = YES;
				CLANG_WARN_STRICT_PROTOTYPES = YES;
				CLANG_WARN_SUSPICIOUS_MOVE = YES;
				CLANG_WARN_UNGUARDED_AVAILABILITY = YES_AGGRESSIVE;
				CLANG_WARN_UNREACHABLE_CODE = YES;
				CLANG_WARN__DUPLICATE_METHOD_MATCH = YES;
				COPY_PHASE_STRIP = NO;
				DEBUG_INFORMATION_FORMAT = "dwarf-with-dsym";
				ENABLE_NS_ASSERTIONS = NO;
				ENABLE_STRICT_OBJC_MSGSEND = YES;
				GCC_C_LANGUAGE_STANDARD = gnu11;
				GCC_NO_COMMON_BLOCKS = YES;
				GCC_WARN_64_TO_32_BIT_CONVERSION = YES;
				GCC_WARN_ABOUT_RETURN_TYPE = YES_ERROR;
				GCC_WARN_UNDECLARED_SELECTOR = YES;
				GCC_WARN_UNINITIALIZED_AUTOS = YES_AGGRESSIVE;
				GCC_WARN_UNUSED_FUNCTION = YES;
				GCC_WARN_UNUSED_VARIABLE = YES;
				IPHONEOS_DEPLOYMENT_TARGET = 15.5;
				MTL_ENABLE_DEBUG_INFO = NO;
				MTL_FAST_MATH = YES;
				SDKROOT = iphoneos;
				SWIFT_COMPILATION_MODE = wholemodule;
				SWIFT_OPTIMIZATION_LEVEL = "-O";
				VALIDATE_PRODUCT = YES;
			};
			name = Release;
		};
		A67AD99D287AB55800CADB23 /* Debug */ = {
			isa = XCBuildConfiguration;
			buildSettings = {
				ASSETCATALOG_COMPILER_APPICON_NAME = AppIcon;
				ASSETCATALOG_COMPILER_GLOBAL_ACCENT_COLOR_NAME = AccentColor;
				CODE_SIGN_STYLE = Automatic;
				CURRENT_PROJECT_VERSION = 1;
				DEVELOPMENT_TEAM = 3J5M98VQ6Z;
				GENERATE_INFOPLIST_FILE = YES;
				INFOPLIST_FILE = WarStats/Info.plist;
				INFOPLIST_KEY_UIApplicationSupportsIndirectInputEvents = YES;
				INFOPLIST_KEY_UILaunchStoryboardName = LaunchScreen;
				INFOPLIST_KEY_UIMainStoryboardFile = Main;
				INFOPLIST_KEY_UISupportedInterfaceOrientations_iPad = "UIInterfaceOrientationPortrait UIInterfaceOrientationPortraitUpsideDown UIInterfaceOrientationLandscapeLeft UIInterfaceOrientationLandscapeRight";
				INFOPLIST_KEY_UISupportedInterfaceOrientations_iPhone = "UIInterfaceOrientationPortrait UIInterfaceOrientationLandscapeLeft UIInterfaceOrientationLandscapeRight";
				LD_RUNPATH_SEARCH_PATHS = (
					"$(inherited)",
					"@executable_path/Frameworks",
				);
				MARKETING_VERSION = 1.0;
				PRODUCT_BUNDLE_IDENTIFIER = com.alexdarienko.WarStats;
				PRODUCT_NAME = "$(TARGET_NAME)";
				SWIFT_EMIT_LOC_STRINGS = YES;
				SWIFT_VERSION = 5.0;
				TARGETED_DEVICE_FAMILY = "1,2";
			};
			name = Debug;
		};
		A67AD99E287AB55800CADB23 /* Release */ = {
			isa = XCBuildConfiguration;
			buildSettings = {
				ASSETCATALOG_COMPILER_APPICON_NAME = AppIcon;
				ASSETCATALOG_COMPILER_GLOBAL_ACCENT_COLOR_NAME = AccentColor;
				CODE_SIGN_STYLE = Automatic;
				CURRENT_PROJECT_VERSION = 1;
				DEVELOPMENT_TEAM = 3J5M98VQ6Z;
				GENERATE_INFOPLIST_FILE = YES;
				INFOPLIST_FILE = WarStats/Info.plist;
				INFOPLIST_KEY_UIApplicationSupportsIndirectInputEvents = YES;
				INFOPLIST_KEY_UILaunchStoryboardName = LaunchScreen;
				INFOPLIST_KEY_UIMainStoryboardFile = Main;
				INFOPLIST_KEY_UISupportedInterfaceOrientations_iPad = "UIInterfaceOrientationPortrait UIInterfaceOrientationPortraitUpsideDown UIInterfaceOrientationLandscapeLeft UIInterfaceOrientationLandscapeRight";
				INFOPLIST_KEY_UISupportedInterfaceOrientations_iPhone = "UIInterfaceOrientationPortrait UIInterfaceOrientationLandscapeLeft UIInterfaceOrientationLandscapeRight";
				LD_RUNPATH_SEARCH_PATHS = (
					"$(inherited)",
					"@executable_path/Frameworks",
				);
				MARKETING_VERSION = 1.0;
				PRODUCT_BUNDLE_IDENTIFIER = com.alexdarienko.WarStats;
				PRODUCT_NAME = "$(TARGET_NAME)";
				SWIFT_EMIT_LOC_STRINGS = YES;
				SWIFT_VERSION = 5.0;
				TARGETED_DEVICE_FAMILY = "1,2";
			};
			name = Release;
		};
/* End XCBuildConfiguration section */

/* Begin XCConfigurationList section */
		A67AD983287AB55400CADB23 /* Build configuration list for PBXProject "WarStats" */ = {
			isa = XCConfigurationList;
			buildConfigurations = (
				A67AD99A287AB55800CADB23 /* Debug */,
				A67AD99B287AB55800CADB23 /* Release */,
			);
			defaultConfigurationIsVisible = 0;
			defaultConfigurationName = Release;
		};
		A67AD99C287AB55800CADB23 /* Build configuration list for PBXNativeTarget "WarStats" */ = {
			isa = XCConfigurationList;
			buildConfigurations = (
				A67AD99D287AB55800CADB23 /* Debug */,
				A67AD99E287AB55800CADB23 /* Release */,
			);
			defaultConfigurationIsVisible = 0;
			defaultConfigurationName = Release;
		};
/* End XCConfigurationList section */
	};
	rootObject = A67AD980287AB55400CADB23 /* Project object */;
}
